
Microsoft Visual Studio Solution File, Format Version 12.00
# Visual Studio 15
VisualStudioVersion = 15.0.28307.779
MinimumVisualStudioVersion = 10.0.40219.1
Project("{FAE04EC0-301F-11D3-BF4B-00C04F79EFBC}") = "MarketingSmartAgent", "MarketingSmartAgent\MarketingSmartAgent.csproj", "{D3CE627A-DBAE-4164-86D5-702A9AD385FE}"
EndProject
Project("{FAE04EC0-301F-11D3-BF4B-00C04F79EFBC}") = "MarketingSmartAgent.Data", "MarketingSmartAgent.Data\MarketingSmartAgent.Data.csproj", "{CB5CA486-43A8-4838-994D-6368E56D83B8}"
EndProject
Global
	GlobalSection(SolutionConfigurationPlatforms) = preSolution
		Debug|Any CPU = Debug|Any CPU
		Release|Any CPU = Release|Any CPU
	EndGlobalSection
	GlobalSection(ProjectConfigurationPlatforms) = postSolution
		{D3CE627A-DBAE-4164-86D5-702A9AD385FE}.Debug|Any CPU.ActiveCfg = Debug|Any CPU
		{D3CE627A-DBAE-4164-86D5-702A9AD385FE}.Debug|Any CPU.Build.0 = Debug|Any CPU
		{D3CE627A-DBAE-4164-86D5-702A9AD385FE}.Release|Any CPU.ActiveCfg = Release|Any CPU
		{D3CE627A-DBAE-4164-86D5-702A9AD385FE}.Release|Any CPU.Build.0 = Release|Any CPU
		{CB5CA486-43A8-4838-994D-6368E56D83B8}.Debug|Any CPU.ActiveCfg = Debug|Any CPU
		{CB5CA486-43A8-4838-994D-6368E56D83B8}.Debug|Any CPU.Build.0 = Debug|Any CPU
		{CB5CA486-43A8-4838-994D-6368E56D83B8}.Release|Any CPU.ActiveCfg = Release|Any CPU
		{CB5CA486-43A8-4838-994D-6368E56D83B8}.Release|Any CPU.Build.0 = Release|Any CPU
	EndGlobalSection
	GlobalSection(SolutionProperties) = preSolution
		HideSolutionNode = FALSE
	EndGlobalSection
	GlobalSection(ExtensibilityGlobals) = postSolution
		SolutionGuid = {B9C6C04D-767A-43AE-A50B-6ED487188EEB}
	EndGlobalSection
EndGlobal
